
Microsoft Visual Studio Solution File, Format Version 12.00
# Visual Studio 15
VisualStudioVersion = 15.0.28010.2046
MinimumVisualStudioVersion = 10.0.40219.1
Project("{FAE04EC0-301F-11D3-BF4B-00C04F79EFBC}") = "life_game", "life_game\life_game.csproj", "{F7FABC85-CD62-444E-B204-94DC4562426C}"
EndProject
Project("{2150E333-8FDC-42A3-9474-1A3956D46DE8}") = "Solution Items", "Solution Items", "{F91D37BB-611A-44DA-BEB6-16B1ED92A1F9}"
	ProjectSection(SolutionItems) = preProject
		.gitignore = .gitignore
	EndProjectSection
EndProject
Global
	GlobalSection(SolutionConfigurationPlatforms) = preSolution
		Debug|Any CPU = Debug|Any CPU
		Release|Any CPU = Release|Any CPU
	EndGlobalSection
	GlobalSection(ProjectConfigurationPlatforms) = postSolution
		{F7FABC85-CD62-444E-B204-94DC4562426C}.Debug|Any CPU.ActiveCfg = Debug|Any CPU
		{F7FABC85-CD62-444E-B204-94DC4562426C}.Debug|Any CPU.Build.0 = Debug|Any CPU
		{F7FABC85-CD62-444E-B204-94DC4562426C}.Release|Any CPU.ActiveCfg = Release|Any CPU
		{F7FABC85-CD62-444E-B204-94DC4562426C}.Release|Any CPU.Build.0 = Release|Any CPU
	EndGlobalSection
	GlobalSection(SolutionProperties) = preSolution
		HideSolutionNode = FALSE
	EndGlobalSection
	GlobalSection(ExtensibilityGlobals) = postSolution
		SolutionGuid = {9ADF86D9-1630-4731-B8FD-1B600B567324}
	EndGlobalSection
EndGlobal
